{
  "requires": true,
  "lockfileVersion": 1,
  "dependencies": {
    "babel-polyfill": {
      "version": "6.26.0",
      "resolved": "https://registry.npmjs.org/babel-polyfill/-/babel-polyfill-6.26.0.tgz",
      "integrity": "sha1-N5k3q8Z9eJWXCtxiHyhM2WbPIVM=",
      "requires": {
        "babel-runtime": "^6.26.0",
        "core-js": "^2.5.0",
        "regenerator-runtime": "^0.10.5"
      },
      "dependencies": {
        "regenerator-runtime": {
          "version": "0.10.5",
          "resolved": "https://registry.npmjs.org/regenerator-runtime/-/regenerator-runtime-0.10.5.tgz",
          "integrity": "sha1-M2w+/BIgrc7dosn6tntaeVWjNlg="
        }
      }
    },
    "babel-runtime": {
      "version": "6.26.0",
      "resolved": "https://registry.npmjs.org/babel-runtime/-/babel-runtime-6.26.0.tgz",
      "integrity": "sha1-llxwWGaOgrVde/4E/yM3vItWR/4=",
      "requires": {
        "core-js": "^2.4.0",
        "regenerator-runtime": "^0.11.0"
      },
      "dependencies": {
        "regenerator-runtime": {
          "version": "0.11.1",
          "resolved": "https://registry.npmjs.org/regenerator-runtime/-/regenerator-runtime-0.11.1.tgz",
          "integrity": "sha512-MguG95oij0fC3QV3URf4V2SDYGJhJnJGqvIIgdECeODCT98wSWDAJ94SSuVpYQUoTcGUIL6L4yNB7j1DFFHSBg=="
        }
      }
    },
    "core-js": {
      "version": "2.6.3",
      "resolved": "https://registry.npmjs.org/core-js/-/core-js-2.6.3.tgz",
      "integrity": "sha512-l00tmFFZOBHtYhN4Cz7k32VM7vTn3rE2ANjQDxdEN6zmXZ/xq1jQuutnmHvMG1ZJ7xd72+TA5YpUK8wz3rWsfQ=="
    },
    "google-libphonenumber": {
      "version": "3.2.2",
      "resolved": "https://registry.npmjs.org/google-libphonenumber/-/google-libphonenumber-3.2.2.tgz",
      "integrity": "sha512-ubjGeosYPeusjYbUHy76lCniGTTI0k1rIFc+uKBX+jHQLDmWOSUtlFUxaeoLJ+Y+PAMM6dWp+C1HjHx5BI8kEw=="
    },
    "javascript-html-tags": {
      "version": "0.0.0",
      "resolved": "https://registry.npmjs.org/javascript-html-tags/-/javascript-html-tags-0.0.0.tgz",
      "integrity": "sha1-s2UUqGZHFYAVJWg6EkPOavby5wY=",
      "requires": {
        "lodash": "^4.16.4"
      }
    },
    "javascript-i18n-angular-library": {
      "version": "0.1.0",
      "resolved": "https://registry.npmjs.org/javascript-i18n-angular-library/-/javascript-i18n-angular-library-0.1.0.tgz",
      "integrity": "sha1-tuxT5aDcqsOkSAp3mu4rA1vhSkA=",
      "requires": {
        "javascript-i18n-library": "1.2.0"
      },
      "dependencies": {
        "javascript-i18n-library": {
          "version": "1.2.0",
          "resolved": "https://registry.npmjs.org/javascript-i18n-library/-/javascript-i18n-library-1.2.0.tgz",
          "integrity": "sha1-TJCz8gK9ZaWG2qMAtQS/Q3Tgyps=",
          "requires": {
            "moment": "2.10.6",
            "moment-timezone": "0.4.0",
            "numbro": "1.4.0"
          }
        }
      }
    },
    "javascript-i18n-library": {
      "version": "1.6.0",
      "resolved": "https://registry.npmjs.org/javascript-i18n-library/-/javascript-i18n-library-1.6.0.tgz",
      "integrity": "sha512-39ptTvKq5Nh4hFw/yfnCK8w7U/oDwFoUIg28nEx24xLbkN7f7iqDSiw9lMtdNr8sOClwVF7YV6Fhq4gFsh3RkQ==",
      "requires": {
        "google-libphonenumber": "^1.0.22",
        "moment": "^2.13.0",
        "moment-timezone": "0.4.0",
        "numbro": "1.4.0"
      },
      "dependencies": {
        "google-libphonenumber": {
          "version": "1.1.2",
          "resolved": "https://registry.npmjs.org/google-libphonenumber/-/google-libphonenumber-1.1.2.tgz",
          "integrity": "sha1-vwWJdcMffjY4MzsNYw7zjdMmO0g="
        },
        "moment": {
          "version": "2.24.0",
          "resolved": "https://registry.npmjs.org/moment/-/moment-2.24.0.tgz",
          "integrity": "sha512-bV7f+6l2QigeBBZSM/6yTNq4P2fNpSWj/0e7jQcy87A8e7o2nAfP/34/2ky5Vw4B9S446EtIhodAzkFCcR4dQg=="
        }
      }
    },
    "javascript-library": {
      "version": "1.5.0",
      "resolved": "https://registry.npmjs.org/javascript-library/-/javascript-library-1.5.0.tgz",
      "integrity": "sha1-mb0pndb0a4vRik4N+M6AO1pEpPs=",
      "requires": {
        "babel-polyfill": "6.22.0",
        "unique-random-array": "1.0.0"
      },
      "dependencies": {
        "babel-polyfill": {
          "version": "6.22.0",
          "resolved": "https://registry.npmjs.org/babel-polyfill/-/babel-polyfill-6.22.0.tgz",
          "integrity": "sha1-GsmevcxrpNseJhjDh7IISoIVSjs=",
          "requires": {
            "babel-runtime": "^6.22.0",
            "core-js": "^2.4.0",
            "regenerator-runtime": "^0.10.0"
          },
          "dependencies": {
            "regenerator-runtime": {
              "version": "0.10.5",
              "resolved": "https://registry.npmjs.org/regenerator-runtime/-/regenerator-runtime-0.10.5.tgz",
              "integrity": "sha1-M2w+/BIgrc7dosn6tntaeVWjNlg="
            }
          }
        },
        "unique-random": {
          "version": "1.0.0",
          "resolved": "https://registry.npmjs.org/unique-random/-/unique-random-1.0.0.tgz",
          "integrity": "sha1-zj4iTIJCzTOg53sNcYDXfmti0MQ="
        },
        "unique-random-array": {
          "version": "1.0.0",
          "resolved": "https://registry.npmjs.org/unique-random-array/-/unique-random-array-1.0.0.tgz",
          "integrity": "sha1-QrNyHFeTiNi2Z8k8Lb3j1dgakTY=",
          "requires": {
            "unique-random": "^1.0.0"
          }
        }
      }
    },
    "lodash": {
      "version": "4.17.11",
      "resolved": "https://registry.npmjs.org/lodash/-/lodash-4.17.11.tgz",
      "integrity": "sha512-cQKh8igo5QUhZ7lg38DYWAxMvjSAKG0A8wGSVimP07SIUEK2UO+arSRKbRZWtelMtN5V0Hkwh5ryOto/SshYIg=="
    },
    "moment": {
      "version": "2.10.6",
      "resolved": "https://registry.npmjs.org/moment/-/moment-2.10.6.tgz",
      "integrity": "sha1-bLIZZ8ecunsMpeZmRPFzZis++nc="
    },
    "moment-timezone": {
      "version": "0.4.0",
      "resolved": "https://registry.npmjs.org/moment-timezone/-/moment-timezone-0.4.0.tgz",
      "integrity": "sha1-Vx7EP10vtw3bYBx9I7KE4vY92rQ=",
      "requires": {
        "moment": ">= 2.6.0"
      }
    },
    "numbro": {
      "version": "1.4.0",
      "resolved": "https://registry.npmjs.org/numbro/-/numbro-1.4.0.tgz",
      "integrity": "sha1-utI/57oIrGHzugtX6EMGHS7gaiA="
    },
    "regenerator-runtime": {
      "version": "0.13.1",
      "resolved": "https://registry.npmjs.org/regenerator-runtime/-/regenerator-runtime-0.13.1.tgz",
      "integrity": "sha512-5KzMIyPLvfdPmvsdlYsHqITrDfK9k7bmvf97HvHSN4810i254ponbxCQ1NukpRWlu6en2MBWzAlhDExEKISwAA=="
    },
    "unique-random": {
      "version": "2.0.0",
      "resolved": "https://registry.npmjs.org/unique-random/-/unique-random-2.0.0.tgz",
      "integrity": "sha512-yGRdXPklG5QZPPhNymq1it49PNtwO74/NHM1z243/FfvliDICgei1BSEC58yezEZ8U7YxfRcmstEuGruX0X1Jg=="
    },
    "unique-random-array": {
      "version": "1.0.1",
      "resolved": "https://registry.npmjs.org/unique-random-array/-/unique-random-array-1.0.1.tgz",
      "integrity": "sha512-z9J/SV8CUIhIRROcHe9YUoAT6XthUJt0oUyLGgobiXJprDP9O9dsErNevvSaAv5BkhwFEVPn6nIEOKeNE6Ck1Q==",
      "requires": {
        "unique-random": "^1.0.0"
      },
      "dependencies": {
        "unique-random": {
          "version": "1.0.0",
          "resolved": "https://registry.npmjs.org/unique-random/-/unique-random-1.0.0.tgz",
          "integrity": "sha1-zj4iTIJCzTOg53sNcYDXfmti0MQ="
        }
      }
    }
  }
}
